
Microsoft Visual Studio Solution File, Format Version 12.00
Project("{2150E333-8FDC-42A3-9474-1A3956D46DE8}") = "Src", "Src", "{9FA0B650-E6BD-4D1B-ABFF-2888D9FB687E}"
EndProject
Project("{2150E333-8FDC-42A3-9474-1A3956D46DE8}") = "Core", "Core", "{BA77AD7B-387E-4AAF-8B3A-39CAE3ECD6B3}"
EndProject
Project("{2150E333-8FDC-42A3-9474-1A3956D46DE8}") = "Infrastructure", "Infrastructure", "{89F6C876-BC64-46EB-98A7-A54CD33D54E5}"
EndProject
Project("{2150E333-8FDC-42A3-9474-1A3956D46DE8}") = "Presentation", "Presentation", "{4F7E2F00-1CDD-408F-B460-BA2DC0A56E81}"
EndProject
Project("{FAE04EC0-301F-11D3-BF4B-00C04F79EFBC}") = "UMS.Application", "UMS.Application\UMS.Application.csproj", "{3C245E7B-C838-4B97-A796-86E4EE5C466A}"
EndProject
Project("{FAE04EC0-301F-11D3-BF4B-00C04F79EFBC}") = "UMS.Domain", "UMS.Domain\UMS.Domain.csproj", "{CCF2F409-DC7C-4EF1-AB8A-4082284C3CEC}"
EndProject
Project("{FAE04EC0-301F-11D3-BF4B-00C04F79EFBC}") = "UMS.Infrastructure", "UMS.Infrastructure\UMS.Infrastructure.csproj", "{162E9F91-2B92-4F25-A8BB-48A5ACFA9ED7}"
EndProject
Project("{FAE04EC0-301F-11D3-BF4B-00C04F79EFBC}") = "UMS.Infrastructure.Abstraction", "UMS.Infrastructure.Abstraction\UMS.Infrastructure.Abstraction.csproj", "{B8F7187F-9263-4868-A6E5-DB337936BA3B}"
EndProject
Project("{FAE04EC0-301F-11D3-BF4B-00C04F79EFBC}") = "UMS.Persistence", "UMS.Persistence\UMS.Persistence.csproj", "{29F7827A-766E-410F-BED2-A89EC1031F3B}"
EndProject
Project("{FAE04EC0-301F-11D3-BF4B-00C04F79EFBC}") = "UMS.Configuration", "UMS.Configuration\UMS.Configuration.csproj", "{2F359A81-7223-42A0-B396-D29ABDA6661B}"
EndProject
Project("{FAE04EC0-301F-11D3-BF4B-00C04F79EFBC}") = "UMS.WebApi", "UMS.WebApi\UMS.WebApi\UMS.WebApi.csproj", "{F7FB7838-201A-4C84-8AA9-57CE4D14212E}"
EndProject
Global
	GlobalSection(SolutionConfigurationPlatforms) = preSolution
		Debug|Any CPU = Debug|Any CPU
		Release|Any CPU = Release|Any CPU
	EndGlobalSection
	GlobalSection(ProjectConfigurationPlatforms) = postSolution
		{3C245E7B-C838-4B97-A796-86E4EE5C466A}.Debug|Any CPU.ActiveCfg = Debug|Any CPU
		{3C245E7B-C838-4B97-A796-86E4EE5C466A}.Debug|Any CPU.Build.0 = Debug|Any CPU
		{3C245E7B-C838-4B97-A796-86E4EE5C466A}.Release|Any CPU.ActiveCfg = Release|Any CPU
		{3C245E7B-C838-4B97-A796-86E4EE5C466A}.Release|Any CPU.Build.0 = Release|Any CPU
		{CCF2F409-DC7C-4EF1-AB8A-4082284C3CEC}.Debug|Any CPU.ActiveCfg = Debug|Any CPU
		{CCF2F409-DC7C-4EF1-AB8A-4082284C3CEC}.Debug|Any CPU.Build.0 = Debug|Any CPU
		{CCF2F409-DC7C-4EF1-AB8A-4082284C3CEC}.Release|Any CPU.ActiveCfg = Release|Any CPU
		{CCF2F409-DC7C-4EF1-AB8A-4082284C3CEC}.Release|Any CPU.Build.0 = Release|Any CPU
		{162E9F91-2B92-4F25-A8BB-48A5ACFA9ED7}.Debug|Any CPU.ActiveCfg = Debug|Any CPU
		{162E9F91-2B92-4F25-A8BB-48A5ACFA9ED7}.Debug|Any CPU.Build.0 = Debug|Any CPU
		{162E9F91-2B92-4F25-A8BB-48A5ACFA9ED7}.Release|Any CPU.ActiveCfg = Release|Any CPU
		{162E9F91-2B92-4F25-A8BB-48A5ACFA9ED7}.Release|Any CPU.Build.0 = Release|Any CPU
		{B8F7187F-9263-4868-A6E5-DB337936BA3B}.Debug|Any CPU.ActiveCfg = Debug|Any CPU
		{B8F7187F-9263-4868-A6E5-DB337936BA3B}.Debug|Any CPU.Build.0 = Debug|Any CPU
		{B8F7187F-9263-4868-A6E5-DB337936BA3B}.Release|Any CPU.ActiveCfg = Release|Any CPU
		{B8F7187F-9263-4868-A6E5-DB337936BA3B}.Release|Any CPU.Build.0 = Release|Any CPU
		{29F7827A-766E-410F-BED2-A89EC1031F3B}.Debug|Any CPU.ActiveCfg = Debug|Any CPU
		{29F7827A-766E-410F-BED2-A89EC1031F3B}.Debug|Any CPU.Build.0 = Debug|Any CPU
		{29F7827A-766E-410F-BED2-A89EC1031F3B}.Release|Any CPU.ActiveCfg = Release|Any CPU
		{29F7827A-766E-410F-BED2-A89EC1031F3B}.Release|Any CPU.Build.0 = Release|Any CPU
		{2F359A81-7223-42A0-B396-D29ABDA6661B}.Debug|Any CPU.ActiveCfg = Debug|Any CPU
		{2F359A81-7223-42A0-B396-D29ABDA6661B}.Debug|Any CPU.Build.0 = Debug|Any CPU
		{2F359A81-7223-42A0-B396-D29ABDA6661B}.Release|Any CPU.ActiveCfg = Release|Any CPU
		{2F359A81-7223-42A0-B396-D29ABDA6661B}.Release|Any CPU.Build.0 = Release|Any CPU
		{F7FB7838-201A-4C84-8AA9-57CE4D14212E}.Debug|Any CPU.ActiveCfg = Debug|Any CPU
		{F7FB7838-201A-4C84-8AA9-57CE4D14212E}.Debug|Any CPU.Build.0 = Debug|Any CPU
		{F7FB7838-201A-4C84-8AA9-57CE4D14212E}.Release|Any CPU.ActiveCfg = Release|Any CPU
		{F7FB7838-201A-4C84-8AA9-57CE4D14212E}.Release|Any CPU.Build.0 = Release|Any CPU
	EndGlobalSection
	GlobalSection(NestedProjects) = preSolution
		{BA77AD7B-387E-4AAF-8B3A-39CAE3ECD6B3} = {9FA0B650-E6BD-4D1B-ABFF-2888D9FB687E}
		{89F6C876-BC64-46EB-98A7-A54CD33D54E5} = {9FA0B650-E6BD-4D1B-ABFF-2888D9FB687E}
		{4F7E2F00-1CDD-408F-B460-BA2DC0A56E81} = {9FA0B650-E6BD-4D1B-ABFF-2888D9FB687E}
		{3C245E7B-C838-4B97-A796-86E4EE5C466A} = {BA77AD7B-387E-4AAF-8B3A-39CAE3ECD6B3}
		{CCF2F409-DC7C-4EF1-AB8A-4082284C3CEC} = {BA77AD7B-387E-4AAF-8B3A-39CAE3ECD6B3}
		{162E9F91-2B92-4F25-A8BB-48A5ACFA9ED7} = {89F6C876-BC64-46EB-98A7-A54CD33D54E5}
		{B8F7187F-9263-4868-A6E5-DB337936BA3B} = {89F6C876-BC64-46EB-98A7-A54CD33D54E5}
		{29F7827A-766E-410F-BED2-A89EC1031F3B} = {89F6C876-BC64-46EB-98A7-A54CD33D54E5}
		{2F359A81-7223-42A0-B396-D29ABDA6661B} = {4F7E2F00-1CDD-408F-B460-BA2DC0A56E81}
		{F7FB7838-201A-4C84-8AA9-57CE4D14212E} = {4F7E2F00-1CDD-408F-B460-BA2DC0A56E81}
	EndGlobalSection
EndGlobal
